// !$*UTF8*$!
{
	archiveVersion = 1;
	classes = {
	};
	objectVersion = 77;
	objects = {

/* Begin PBXContainerItemProxy section */
		2D828D7E2E77BC4900EF4268 /* PBXContainerItemProxy */ = {
			isa = PBXContainerItemProxy;
			containerPortal = 2D828D652E77BC4600EF4268 /* Project object */;
			proxyType = 1;
			remoteGlobalIDString = 2D828D6C2E77BC4600EF4268;
			remoteInfo = DailyAffirmation;
		};
		2D828D882E77BC4900EF4268 /* PBXContainerItemProxy */ = {
			isa = PBXContainerItemProxy;
			containerPortal = 2D828D652E77BC4600EF4268 /* Project object */;
			proxyType = 1;
			remoteGlobalIDString = 2D828D6C2E77BC4600EF4268;
			remoteInfo = DailyAffirmation;
		};
/* End PBXContainerItemProxy section */

/* Begin PBXFileReference section */
		2D828D6D2E77BC4600EF4268 /* DailyAffirmation.app */ = {isa = PBXFileReference; explicitFileType = wrapper.application; includeInIndex = 0; path = DailyAffirmation.app; sourceTree = BUILT_PRODUCTS_DIR; };
		2D828D7D2E77BC4900EF4268 /* DailyAffirmationTests.xctest */ = {isa = PBXFileReference; explicitFileType = wrapper.cfbundle; includeInIndex = 0; path = DailyAffirmationTests.xctest; sourceTree = BUILT_PRODUCTS_DIR; };
		2D828D872E77BC4900EF4268 /* DailyAffirmationUITests.xctest */ = {isa = PBXFileReference; explicitFileType = wrapper.cfbundle; includeInIndex = 0; path = DailyAffirmationUITests.xctest; sourceTree = BUILT_PRODUCTS_DIR; };
/* End PBXFileReference section */

/* Begin PBXFileSystemSynchronizedRootGroup section */
		2D828D6F2E77BC4600EF4268 /* DailyAffirmation */ = {
			isa = PBXFileSystemSynchronizedRootGroup;
			path = DailyAffirmation;
			sourceTree = "<group>";
		};
		2D828D802E77BC4900EF4268 /* DailyAffirmationTests */ = {
			isa = PBXFileSystemSynchronizedRootGroup;
			path = DailyAffirmationTests;
			sourceTree = "<group>";
		};
		2D828D8A2E77BC4900EF4268 /* DailyAffirmationUITests */ = {
			isa = PBXFileSystemSynchronizedRootGroup;
			path = DailyAffirmationUITests;
			sourceTree = "<group>";
		};
/* End PBXFileSystemSynchronizedRootGroup section */

/* Begin PBXFrameworksBuildPhase section */
		2D828D6A2E77BC4600EF4268 /* Frameworks */ = {
			isa = PBXFrameworksBuildPhase;
			buildActionMask = 2147483647;
			files = (
			);
			runOnlyForDeploymentPostprocessing = 0;
		};
		2D828D7A2E77BC4900EF4268 /* Frameworks */ = {
			isa = PBXFrameworksBuildPhase;
			buildActionMask = 2147483647;
			files = (
			);
			runOnlyForDeploymentPostprocessing = 0;
		};
		2D828D842E77BC4900EF4268 /* Frameworks */ = {
			isa = PBXFrameworksBuildPhase;
			buildActionMask = 2147483647;
			files = (
			);
			runOnlyForDeploymentPostprocessing = 0;
		};
/* End PBXFrameworksBuildPhase section */

/* Begin PBXGroup section */
		2D828D642E77BC4600EF4268 = {
			isa = PBXGroup;
			children = (
				2D828D6F2E77BC4600EF4268 /* DailyAffirmation */,
				2D828D802E77BC4900EF4268 /* DailyAffirmationTests */,
				2D828D8A2E77BC4900EF4268 /* DailyAffirmationUITests */,
				2D828D6E2E77BC4600EF4268 /* Products */,
			);
			sourceTree = "<group>";
		};
		2D828D6E2E77BC4600EF4268 /* Products */ = {
			isa = PBXGroup;
			children = (
				2D828D6D2E77BC4600EF4268 /* DailyAffirmation.app */,
				2D828D7D2E77BC4900EF4268 /* DailyAffirmationTests.xctest */,
				2D828D872E77BC4900EF4268 /* DailyAffirmationUITests.xctest */,
			);
			name = Products;
			sourceTree = "<group>";
		};
/* End PBXGroup section */

/* Begin PBXNativeTarget section */
		2D828D6C2E77BC4600EF4268 /* DailyAffirmation */ = {
			isa = PBXNativeTarget;
			buildConfigurationList = 2D828D912E77BC4900EF4268 /* Build configuration list for PBXNativeTarget "DailyAffirmation" */;
			buildPhases = (
				2D828D692E77BC4600EF4268 /* Sources */,
				2D828D6A2E77BC4600EF4268 /* Frameworks */,
				2D828D6B2E77BC4600EF4268 /* Resources */,
			);
			buildRules = (
			);
			dependencies = (
			);
			fileSystemSynchronizedGroups = (
				2D828D6F2E77BC4600EF4268 /* DailyAffirmation */,
			);
			name = DailyAffirmation;
			packageProductDependencies = (
			);
			productName = DailyAffirmation;
			productReference = 2D828D6D2E77BC4600EF4268 /* DailyAffirmation.app */;
			productType = "com.apple.product-type.application";
		};
		2D828D7C2E77BC4900EF4268 /* DailyAffirmationTests */ = {
			isa = PBXNativeTarget;
			buildConfigurationList = 2D828D942E77BC4900EF4268 /* Build configuration list for PBXNativeTarget "DailyAffirmationTests" */;
			buildPhases = (
				2D828D792E77BC4900EF4268 /* Sources */,
				2D828D7A2E77BC4900EF4268 /* Frameworks */,
				2D828D7B2E77BC4900EF4268 /* Resources */,
			);
			buildRules = (
			);
			dependencies = (
				2D828D7F2E77BC4900EF4268 /* PBXTargetDependency */,
			);
			fileSystemSynchronizedGroups = (
				2D828D802E77BC4900EF4268 /* DailyAffirmationTests */,
			);
			name = DailyAffirmationTests;
			packageProductDependencies = (
			);
			productName = DailyAffirmationTests;
			productReference = 2D828D7D2E77BC4900EF4268 /* DailyAffirmationTests.xctest */;
			productType = "com.apple.product-type.bundle.unit-test";
		};
		2D828D862E77BC4900EF4268 /* DailyAffirmationUITests */ = {
			isa = PBXNativeTarget;
			buildConfigurationList = 2D828D972E77BC4900EF4268 /* Build configuration list for PBXNativeTarget "DailyAffirmationUITests" */;
			buildPhases = (
				2D828D832E77BC4900EF4268 /* Sources */,
				2D828D842E77BC4900EF4268 /* Frameworks */,
				2D828D852E77BC4900EF4268 /* Resources */,
			);
			buildRules = (
			);
			dependencies = (
				2D828D892E77BC4900EF4268 /* PBXTargetDependency */,
			);
			fileSystemSynchronizedGroups = (
				2D828D8A2E77BC4900EF4268 /* DailyAffirmationUITests */,
			);
			name = DailyAffirmationUITests;
			packageProductDependencies = (
			);
			productName = DailyAffirmationUITests;
			productReference = 2D828D872E77BC4900EF4268 /* DailyAffirmationUITests.xctest */;
			productType = "com.apple.product-type.bundle.ui-testing";
		};
/* End PBXNativeTarget section */

/* Begin PBXProject section */
		2D828D652E77BC4600EF4268 /* Project object */ = {
			isa = PBXProject;
			attributes = {
				BuildIndependentTargetsInParallel = 1;
				LastSwiftUpdateCheck = 1620;
				LastUpgradeCheck = 1620;
				TargetAttributes = {
					2D828D6C2E77BC4600EF4268 = {
						CreatedOnToolsVersion = 16.2;
					};
					2D828D7C2E77BC4900EF4268 = {
						CreatedOnToolsVersion = 16.2;
						TestTargetID = 2D828D6C2E77BC4600EF4268;
					};
					2D828D862E77BC4900EF4268 = {
						CreatedOnToolsVersion = 16.2;
						TestTargetID = 2D828D6C2E77BC4600EF4268;
					};
				};
			};
			buildConfigurationList = 2D828D682E77BC4600EF4268 /* Build configuration list for PBXProject "DailyAffirmation" */;
			developmentRegion = en;
			hasScannedForEncodings = 0;
			knownRegions = (
				en,
				Base,
			);
			mainGroup = 2D828D642E77BC4600EF4268;
			minimizedProjectReferenceProxies = 1;
			preferredProjectObjectVersion = 77;
			productRefGroup = 2D828D6E2E77BC4600EF4268 /* Products */;
			projectDirPath = "";
			projectRoot = "";
			targets = (
				2D828D6C2E77BC4600EF4268 /* DailyAffirmation */,
				2D828D7C2E77BC4900EF4268 /* DailyAffirmationTests */,
				2D828D862E77BC4900EF4268 /* DailyAffirmationUITests */,
			);
		};
/* End PBXProject section */

/* Begin PBXResourcesBuildPhase section */
		2D828D6B2E77BC4600EF4268 /* Resources */ = {
			isa = PBXResourcesBuildPhase;
			buildActionMask = 2147483647;
			files = (
			);
			runOnlyForDeploymentPostprocessing = 0;
		};
		2D828D7B2E77BC4900EF4268 /* Resources */ = {
			isa = PBXResourcesBuildPhase;
			buildActionMask = 2147483647;
			files = (
			);
			runOnlyForDeploymentPostprocessing = 0;
		};
		2D828D852E77BC4900EF4268 /* Resources */ = {
			isa = PBXResourcesBuildPhase;
			buildActionMask = 2147483647;
			files = (
			);
			runOnlyForDeploymentPostprocessing = 0;
		};
/* End PBXResourcesBuildPhase section */

/* Begin PBXSourcesBuildPhase section */
		2D828D692E77BC4600EF4268 /* Sources */ = {
			isa = PBXSourcesBuildPhase;
			buildActionMask = 2147483647;
			files = (
			);
			runOnlyForDeploymentPostprocessing = 0;
		};
		2D828D792E77BC4900EF4268 /* Sources */ = {
			isa = PBXSourcesBuildPhase;
			buildActionMask = 2147483647;
			files = (
			);
			runOnlyForDeploymentPostprocessing = 0;
		};
		2D828D832E77BC4900EF4268 /* Sources */ = {
			isa = PBXSourcesBuildPhase;
			buildActionMask = 2147483647;
			files = (
			);
			runOnlyForDeploymentPostprocessing = 0;
		};
/* End PBXSourcesBuildPhase section */

/* Begin PBXTargetDependency section */
		2D828D7F2E77BC4900EF4268 /* PBXTargetDependency */ = {
			isa = PBXTargetDependency;
			target = 2D828D6C2E77BC4600EF4268 /* DailyAffirmation */;
			targetProxy = 2D828D7E2E77BC4900EF4268 /* PBXContainerItemProxy */;
		};
		2D828D892E77BC4900EF4268 /* PBXTargetDependency */ = {
			isa = PBXTargetDependency;
			target = 2D828D6C2E77BC4600EF4268 /* DailyAffirmation */;
			targetProxy = 2D828D882E77BC4900EF4268 /* PBXContainerItemProxy */;
		};
/* End PBXTargetDependency section */

/* Begin XCBuildConfiguration section */
		2D828D8F2E77BC4900EF4268 /* Debug */ = {
			isa = XCBuildConfiguration;
			buildSettings = {
				ALWAYS_SEARCH_USER_PATHS = NO;
				ASSETCATALOG_COMPILER_GENERATE_SWIFT_ASSET_SYMBOL_EXTENSIONS = YES;
				CLANG_ANALYZER_NONNULL = YES;
				CLANG_ANALYZER_NUMBER_OBJECT_CONVERSION = YES_AGGRESSIVE;
				CLANG_CXX_LANGUAGE_STANDARD = "gnu++20";
				CLANG_ENABLE_MODULES = YES;
				CLANG_ENABLE_OBJC_ARC = YES;
				CLANG_ENABLE_OBJC_WEAK = YES;
				CLANG_WARN_BLOCK_CAPTURE_AUTORELEASING = YES;
				CLANG_WARN_BOOL_CONVERSION = YES;
				CLANG_WARN_COMMA = YES;
				CLANG_WARN_CONSTANT_CONVERSION = YES;
				CLANG_WARN_DEPRECATED_OBJC_IMPLEMENTATIONS = YES;
				CLANG_WARN_DIRECT_OBJC_ISA_USAGE = YES_ERROR;
				CLANG_WARN_DOCUMENTATION_COMMENTS = YES;
				CLANG_WARN_EMPTY_BODY = YES;
				CLANG_WARN_ENUM_CONVERSION = YES;
				CLANG_WARN_INFINITE_RECURSION = YES;
				CLANG_WARN_INT_CONVERSION = YES;
				CLANG_WARN_NON_LITERAL_NULL_CONVERSION = YES;
				CLANG_WARN_OBJC_IMPLICIT_RETAIN_SELF = YES;
				CLANG_WARN_OBJC_LITERAL_CONVERSION = YES;
				CLANG_WARN_OBJC_ROOT_CLASS = YES_ERROR;
				CLANG_WARN_QUOTED_INCLUDE_IN_FRAMEWORK_HEADER = YES;
				CLANG_WARN_RANGE_LOOP_ANALYSIS = YES;
				CLANG_WARN_STRICT_PROTOTYPES = YES;
				CLANG_WARN_SUSPICIOUS_MOVE = YES;
				CLANG_WARN_UNGUARDED_AVAILABILITY = YES_AGGRESSIVE;
				CLANG_WARN_UNREACHABLE_CODE = YES;
				CLANG_WARN__DUPLICATE_METHOD_MATCH = YES;
				COPY_PHASE_STRIP = NO;
				DEBUG_INFORMATION_FORMAT = dwarf;
				ENABLE_STRICT_OBJC_MSGSEND = YES;
				ENABLE_TESTABILITY = YES;
				ENABLE_USER_SCRIPT_SANDBOXING = YES;
				GCC_C_LANGUAGE_STANDARD = gnu17;
				GCC_DYNAMIC_NO_PIC = NO;
				GCC_NO_COMMON_BLOCKS = YES;
				GCC_OPTIMIZATION_LEVEL = 0;
				GCC_PREPROCESSOR_DEFINITIONS = (
					"DEBUG=1",
					"$(inherited)",
				);
				GCC_WARN_64_TO_32_BIT_CONVERSION = YES;
				GCC_WARN_ABOUT_RETURN_TYPE = YES_ERROR;
				GCC_WARN_UNDECLARED_SELECTOR = YES;
				GCC_WARN_UNINITIALIZED_AUTOS = YES_AGGRESSIVE;
				GCC_WARN_UNUSED_FUNCTION = YES;
				GCC_WARN_UNUSED_VARIABLE = YES;
				IPHONEOS_DEPLOYMENT_TARGET = 18.2;
				LOCALIZATION_PREFERS_STRING_CATALOGS = YES;
				MTL_ENABLE_DEBUG_INFO = INCLUDE_SOURCE;
				MTL_FAST_MATH = YES;
				ONLY_ACTIVE_ARCH = YES;
				SDKROOT = iphoneos;
				SWIFT_ACTIVE_COMPILATION_CONDITIONS = "DEBUG $(inherited)";
				SWIFT_OPTIMIZATION_LEVEL = "-Onone";
			};
			name = Debug;
		};
		2D828D902E77BC4900EF4268 /* Release */ = {
			isa = XCBuildConfiguration;
			buildSettings = {
				ALWAYS_SEARCH_USER_PATHS = NO;
				ASSETCATALOG_COMPILER_GENERATE_SWIFT_ASSET_SYMBOL_EXTENSIONS = YES;
				CLANG_ANALYZER_NONNULL = YES;
				CLANG_ANALYZER_NUMBER_OBJECT_CONVERSION = YES_AGGRESSIVE;
				CLANG_CXX_LANGUAGE_STANDARD = "gnu++20";
				CLANG_ENABLE_MODULES = YES;
				CLANG_ENABLE_OBJC_ARC = YES;
				CLANG_ENABLE_OBJC_WEAK = YES;
				CLANG_WARN_BLOCK_CAPTURE_AUTORELEASING = YES;
				CLANG_WARN_BOOL_CONVERSION = YES;
				CLANG_WARN_COMMA = YES;
				CLANG_WARN_CONSTANT_CONVERSION = YES;
				CLANG_WARN_DEPRECATED_OBJC_IMPLEMENTATIONS = YES;
				CLANG_WARN_DIRECT_OBJC_ISA_USAGE = YES_ERROR;
				CLANG_WARN_DOCUMENTATION_COMMENTS = YES;
				CLANG_WARN_EMPTY_BODY = YES;
				CLANG_WARN_ENUM_CONVERSION = YES;
				CLANG_WARN_INFINITE_RECURSION = YES;
				CLANG_WARN_INT_CONVERSION = YES;
				CLANG_WARN_NON_LITERAL_NULL_CONVERSION = YES;
				CLANG_WARN_OBJC_IMPLICIT_RETAIN_SELF = YES;
				CLANG_WARN_OBJC_LITERAL_CONVERSION = YES;
				CLANG_WARN_OBJC_ROOT_CLASS = YES_ERROR;
				CLANG_WARN_QUOTED_INCLUDE_IN_FRAMEWORK_HEADER = YES;
				CLANG_WARN_RANGE_LOOP_ANALYSIS = YES;
				CLANG_WARN_STRICT_PROTOTYPES = YES;
				CLANG_WARN_SUSPICIOUS_MOVE = YES;
				CLANG_WARN_UNGUARDED_AVAILABILITY = YES_AGGRESSIVE;
				CLANG_WARN_UNREACHABLE_CODE = YES;
				CLANG_WARN__DUPLICATE_METHOD_MATCH = YES;
				COPY_PHASE_STRIP = NO;
				DEBUG_INFORMATION_FORMAT = "dwarf-with-dsym";
				ENABLE_NS_ASSERTIONS = NO;
				ENABLE_STRICT_OBJC_MSGSEND = YES;
				ENABLE_USER_SCRIPT_SANDBOXING = YES;
				GCC_C_LANGUAGE_STANDARD = gnu17;
				GCC_NO_COMMON_BLOCKS = YES;
				GCC_WARN_64_TO_32_BIT_CONVERSION = YES;
				GCC_WARN_ABOUT_RETURN_TYPE = YES_ERROR;
				GCC_WARN_UNDECLARED_SELECTOR = YES;
				GCC_WARN_UNINITIALIZED_AUTOS = YES_AGGRESSIVE;
				GCC_WARN_UNUSED_FUNCTION = YES;
				GCC_WARN_UNUSED_VARIABLE = YES;
				IPHONEOS_DEPLOYMENT_TARGET = 18.2;
				LOCALIZATION_PREFERS_STRING_CATALOGS = YES;
				MTL_ENABLE_DEBUG_INFO = NO;
				MTL_FAST_MATH = YES;
				SDKROOT = iphoneos;
				SWIFT_COMPILATION_MODE = wholemodule;
				VALIDATE_PRODUCT = YES;
			};
			name = Release;
		};
		2D828D922E77BC4900EF4268 /* Debug */ = {
			isa = XCBuildConfiguration;
			buildSettings = {
				ASSETCATALOG_COMPILER_APPICON_NAME = AppIcon;
				ASSETCATALOG_COMPILER_GLOBAL_ACCENT_COLOR_NAME = AccentColor;
				CODE_SIGN_STYLE = Automatic;
				CURRENT_PROJECT_VERSION = 1;
				DEVELOPMENT_ASSET_PATHS = "\"DailyAffirmation/Preview Content\"";
				ENABLE_PREVIEWS = YES;
				GENERATE_INFOPLIST_FILE = YES;
				INFOPLIST_KEY_UIApplicationSceneManifest_Generation = YES;
				INFOPLIST_KEY_UIApplicationSupportsIndirectInputEvents = YES;
				INFOPLIST_KEY_UILaunchScreen_Generation = YES;
				INFOPLIST_KEY_UISupportedInterfaceOrientations_iPad = "UIInterfaceOrientationPortrait UIInterfaceOrientationPortraitUpsideDown UIInterfaceOrientationLandscapeLeft UIInterfaceOrientationLandscapeRight";
				INFOPLIST_KEY_UISupportedInterfaceOrientations_iPhone = "UIInterfaceOrientationPortrait UIInterfaceOrientationLandscapeLeft UIInterfaceOrientationLandscapeRight";
				LD_RUNPATH_SEARCH_PATHS = (
					"$(inherited)",
					"@executable_path/Frameworks",
				);
				MARKETING_VERSION = 1.0;
				PRODUCT_BUNDLE_IDENTIFIER = com.xyjj.DailyAffirmation;
				PRODUCT_NAME = "$(TARGET_NAME)";
				SWIFT_EMIT_LOC_STRINGS = YES;
				SWIFT_VERSION = 5.0;
				TARGETED_DEVICE_FAMILY = "1,2";
			};
			name = Debug;
		};
		2D828D932E77BC4900EF4268 /* Release */ = {
			isa = XCBuildConfiguration;
			buildSettings = {
				ASSETCATALOG_COMPILER_APPICON_NAME = AppIcon;
				ASSETCATALOG_COMPILER_GLOBAL_ACCENT_COLOR_NAME = AccentColor;
				CODE_SIGN_STYLE = Automatic;
				CURRENT_PROJECT_VERSION = 1;
				DEVELOPMENT_ASSET_PATHS = "\"DailyAffirmation/Preview Content\"";
				ENABLE_PREVIEWS = YES;
				GENERATE_INFOPLIST_FILE = YES;
				INFOPLIST_KEY_UIApplicationSceneManifest_Generation = YES;
				INFOPLIST_KEY_UIApplicationSupportsIndirectInputEvents = YES;
				INFOPLIST_KEY_UILaunchScreen_Generation = YES;
				INFOPLIST_KEY_UISupportedInterfaceOrientations_iPad = "UIInterfaceOrientationPortrait UIInterfaceOrientationPortraitUpsideDown UIInterfaceOrientationLandscapeLeft UIInterfaceOrientationLandscapeRight";
				INFOPLIST_KEY_UISupportedInterfaceOrientations_iPhone = "UIInterfaceOrientationPortrait UIInterfaceOrientationLandscapeLeft UIInterfaceOrientationLandscapeRight";
				LD_RUNPATH_SEARCH_PATHS = (
					"$(inherited)",
					"@executable_path/Frameworks",
				);
				MARKETING_VERSION = 1.0;
				PRODUCT_BUNDLE_IDENTIFIER = com.xyjj.DailyAffirmation;
				PRODUCT_NAME = "$(TARGET_NAME)";
				SWIFT_EMIT_LOC_STRINGS = YES;
				SWIFT_VERSION = 5.0;
				TARGETED_DEVICE_FAMILY = "1,2";
			};
			name = Release;
		};
		2D828D952E77BC4900EF4268 /* Debug */ = {
			isa = XCBuildConfiguration;
			buildSettings = {
				BUNDLE_LOADER = "$(TEST_HOST)";
				CODE_SIGN_STYLE = Automatic;
				CURRENT_PROJECT_VERSION = 1;
				GENERATE_INFOPLIST_FILE = YES;
				IPHONEOS_DEPLOYMENT_TARGET = 18.2;
				MARKETING_VERSION = 1.0;
				PRODUCT_BUNDLE_IDENTIFIER = com.xyjj.DailyAffirmationTests;
				PRODUCT_NAME = "$(TARGET_NAME)";
				SWIFT_EMIT_LOC_STRINGS = NO;
				SWIFT_VERSION = 5.0;
				TARGETED_DEVICE_FAMILY = "1,2";
				TEST_HOST = "$(BUILT_PRODUCTS_DIR)/DailyAffirmation.app/$(BUNDLE_EXECUTABLE_FOLDER_PATH)/DailyAffirmation";
			};
			name = Debug;
		};
		2D828D962E77BC4900EF4268 /* Release */ = {
			isa = XCBuildConfiguration;
			buildSettings = {
				BUNDLE_LOADER = "$(TEST_HOST)";
				CODE_SIGN_STYLE = Automatic;
				CURRENT_PROJECT_VERSION = 1;
				GENERATE_INFOPLIST_FILE = YES;
				IPHONEOS_DEPLOYMENT_TARGET = 18.2;
				MARKETING_VERSION = 1.0;
				PRODUCT_BUNDLE_IDENTIFIER = com.xyjj.DailyAffirmationTests;
				PRODUCT_NAME = "$(TARGET_NAME)";
				SWIFT_EMIT_LOC_STRINGS = NO;
				SWIFT_VERSION = 5.0;
				TARGETED_DEVICE_FAMILY = "1,2";
				TEST_HOST = "$(BUILT_PRODUCTS_DIR)/DailyAffirmation.app/$(BUNDLE_EXECUTABLE_FOLDER_PATH)/DailyAffirmation";
			};
			name = Release;
		};
		2D828D982E77BC4900EF4268 /* Debug */ = {
			isa = XCBuildConfiguration;
			buildSettings = {
				CODE_SIGN_STYLE = Automatic;
				CURRENT_PROJECT_VERSION = 1;
				GENERATE_INFOPLIST_FILE = YES;
				MARKETING_VERSION = 1.0;
				PRODUCT_BUNDLE_IDENTIFIER = com.xyjj.DailyAffirmationUITests;
				PRODUCT_NAME = "$(TARGET_NAME)";
				SWIFT_EMIT_LOC_STRINGS = NO;
				SWIFT_VERSION = 5.0;
				TARGETED_DEVICE_FAMILY = "1,2";
				TEST_TARGET_NAME = DailyAffirmation;
			};
			name = Debug;
		};
		2D828D992E77BC4900EF4268 /* Release */ = {
			isa = XCBuildConfiguration;
			buildSettings = {
				CODE_SIGN_STYLE = Automatic;
				CURRENT_PROJECT_VERSION = 1;
				GENERATE_INFOPLIST_FILE = YES;
				MARKETING_VERSION = 1.0;
				PRODUCT_BUNDLE_IDENTIFIER = com.xyjj.DailyAffirmationUITests;
				PRODUCT_NAME = "$(TARGET_NAME)";
				SWIFT_EMIT_LOC_STRINGS = NO;
				SWIFT_VERSION = 5.0;
				TARGETED_DEVICE_FAMILY = "1,2";
				TEST_TARGET_NAME = DailyAffirmation;
			};
			name = Release;
		};
/* End XCBuildConfiguration section */

/* Begin XCConfigurationList section */
		2D828D682E77BC4600EF4268 /* Build configuration list for PBXProject "DailyAffirmation" */ = {
			isa = XCConfigurationList;
			buildConfigurations = (
				2D828D8F2E77BC4900EF4268 /* Debug */,
				2D828D902E77BC4900EF4268 /* Release */,
			);
			defaultConfigurationIsVisible = 0;
			defaultConfigurationName = Release;
		};
		2D828D912E77BC4900EF4268 /* Build configuration list for PBXNativeTarget "DailyAffirmation" */ = {
			isa = XCConfigurationList;
			buildConfigurations = (
				2D828D922E77BC4900EF4268 /* Debug */,
				2D828D932E77BC4900EF4268 /* Release */,
			);
			defaultConfigurationIsVisible = 0;
			defaultConfigurationName = Release;
		};
		2D828D942E77BC4900EF4268 /* Build configuration list for PBXNativeTarget "DailyAffirmationTests" */ = {
			isa = XCConfigurationList;
			buildConfigurations = (
				2D828D952E77BC4900EF4268 /* Debug */,
				2D828D962E77BC4900EF4268 /* Release */,
			);
			defaultConfigurationIsVisible = 0;
			defaultConfigurationName = Release;
		};
		2D828D972E77BC4900EF4268 /* Build configuration list for PBXNativeTarget "DailyAffirmationUITests" */ = {
			isa = XCConfigurationList;
			buildConfigurations = (
				2D828D982E77BC4900EF4268 /* Debug */,
				2D828D992E77BC4900EF4268 /* Release */,
			);
			defaultConfigurationIsVisible = 0;
			defaultConfigurationName = Release;
		};
/* End XCConfigurationList section */
	};
	rootObject = 2D828D652E77BC4600EF4268 /* Project object */;
}
